
Microsoft Visual Studio Solution File, Format Version 12.00
# Visual Studio Version 17
VisualStudioVersion = 17.3.32929.385
MinimumVisualStudioVersion = 10.0.40219.1
Project("{FAE04EC0-301F-11D3-BF4B-00C04F79EFBC}") = "AlunosApi", "AlunosApi\AlunosApi.csproj", "{9E0D744F-1D45-4EFE-AD46-B8031868BCB9}"
EndProject
Global
	GlobalSection(SolutionConfigurationPlatforms) = preSolution
		Debug|Any CPU = Debug|Any CPU
		Release|Any CPU = Release|Any CPU
	EndGlobalSection
	GlobalSection(ProjectConfigurationPlatforms) = postSolution
		{9E0D744F-1D45-4EFE-AD46-B8031868BCB9}.Debug|Any CPU.ActiveCfg = Debug|Any CPU
		{9E0D744F-1D45-4EFE-AD46-B8031868BCB9}.Debug|Any CPU.Build.0 = Debug|Any CPU
		{9E0D744F-1D45-4EFE-AD46-B8031868BCB9}.Release|Any CPU.ActiveCfg = Release|Any CPU
		{9E0D744F-1D45-4EFE-AD46-B8031868BCB9}.Release|Any CPU.Build.0 = Release|Any CPU
	EndGlobalSection
	GlobalSection(SolutionProperties) = preSolution
		HideSolutionNode = FALSE
	EndGlobalSection
	GlobalSection(ExtensibilityGlobals) = postSolution
		SolutionGuid = {A47AA2EE-BA7D-4BB1-BE26-A1744E339A6A}
	EndGlobalSection
EndGlobal
